
Microsoft Visual Studio Solution File, Format Version 12.00
# Visual Studio Version 17
VisualStudioVersion = 17.0.32112.339
MinimumVisualStudioVersion = 10.0.40219.1
Project("{FAE04EC0-301F-11D3-BF4B-00C04F79EFBC}") = "PLC_Q06", "PLC_Q06\PLC_Q06.csproj", "{DC145C0D-E993-4028-9A92-96B30FFD2118}"
EndProject
Global
	GlobalSection(SolutionConfigurationPlatforms) = preSolution
		Debug|Any CPU = Debug|Any CPU
		Release|Any CPU = Release|Any CPU
	EndGlobalSection
	GlobalSection(ProjectConfigurationPlatforms) = postSolution
		{DC145C0D-E993-4028-9A92-96B30FFD2118}.Debug|Any CPU.ActiveCfg = Debug|Any CPU
		{DC145C0D-E993-4028-9A92-96B30FFD2118}.Debug|Any CPU.Build.0 = Debug|Any CPU
		{DC145C0D-E993-4028-9A92-96B30FFD2118}.Release|Any CPU.ActiveCfg = Release|Any CPU
		{DC145C0D-E993-4028-9A92-96B30FFD2118}.Release|Any CPU.Build.0 = Release|Any CPU
	EndGlobalSection
	GlobalSection(SolutionProperties) = preSolution
		HideSolutionNode = FALSE
	EndGlobalSection
	GlobalSection(ExtensibilityGlobals) = postSolution
		SolutionGuid = {CBE7BA99-EF7C-482E-BD3C-F97A59297354}
	EndGlobalSection
EndGlobal
